
Microsoft Visual Studio Solution File, Format Version 12.00
# Visual Studio 15
VisualStudioVersion = 15.0.28010.2050
MinimumVisualStudioVersion = 10.0.40219.1
Project("{FAE04EC0-301F-11D3-BF4B-00C04F79EFBC}") = "WebApplication1", "WebApplication1\WebApplication1.csproj", "{7C4E9134-FBA3-4AE1-90CF-5B79CC48BD9D}"
EndProject
Global
	GlobalSection(SolutionConfigurationPlatforms) = preSolution
		Debug|Any CPU = Debug|Any CPU
		Release|Any CPU = Release|Any CPU
	EndGlobalSection
	GlobalSection(ProjectConfigurationPlatforms) = postSolution
		{7C4E9134-FBA3-4AE1-90CF-5B79CC48BD9D}.Debug|Any CPU.ActiveCfg = Debug|Any CPU
		{7C4E9134-FBA3-4AE1-90CF-5B79CC48BD9D}.Debug|Any CPU.Build.0 = Debug|Any CPU
		{7C4E9134-FBA3-4AE1-90CF-5B79CC48BD9D}.Release|Any CPU.ActiveCfg = Release|Any CPU
		{7C4E9134-FBA3-4AE1-90CF-5B79CC48BD9D}.Release|Any CPU.Build.0 = Release|Any CPU
	EndGlobalSection
	GlobalSection(SolutionProperties) = preSolution
		HideSolutionNode = FALSE
	EndGlobalSection
	GlobalSection(ExtensibilityGlobals) = postSolution
		SolutionGuid = {E1E56C3F-2680-4772-8DC3-263E3EBE0619}
	EndGlobalSection
EndGlobal
